// !$*UTF8*$!
{
	archiveVersion = 1;
	classes = {
	};
	objectVersion = 46;
	objects = {

/* Begin PBXBuildFile section */
		098EA3663E3B7D29BA4BA870 /* include_juce_core_CompilationTime.cpp */ = {isa = PBXBuildFile; fileRef = 04357AB56E62216658BF9AE5; };
		10D834DBC2D863AA062C30A3 /* WebKit.framework */ = {isa = PBXBuildFile; fileRef = 4C363CDE6F28B27143F26EAC; };
		20FCCD36991D915B57816A4B /* include_juce_graphics_Harfbuzz.cpp */ = {isa = PBXBuildFile; fileRef = 45492342BDFD6DE79DB666D5; };
		35B4FED7FDDDEF3F8E810458 /* RecentFilesMenuTemplate.nib */ = {isa = PBXBuildFile; fileRef = 71B01E5C14270AFCF2D23AAE; };
		40AA2A5B6E56A5F61A5E6383 /* include_juce_graphics_Sheenbidi.c */ = {isa = PBXBuildFile; fileRef = B1D6ADE12D83A8E57134AC91; };
		49FD71F2F79D44DEAD64C9B5 /* include_juce_osc.cpp */ = {isa = PBXBuildFile; fileRef = F184787DB2E1F06C66FA279F; };
		4B334B7D37FB91B696D6E5F9 /* CoreMIDI.framework */ = {isa = PBXBuildFile; fileRef = F2AB5914EA0681F654DB9C0C; };
		4DD0C018B90FBA031567B5A4 /* Cocoa.framework */ = {isa = PBXBuildFile; fileRef = C8517A6A2C9FEEE168ED038E; };
		518600AA346D477EF89FEEA8 /* include_juce_audio_processors_headless_lv2_libs.cpp */ = {isa = PBXBuildFile; fileRef = F92A660FEC4E26ABD57D96AA; };
		54484B002CD41128CF537983 /* include_juce_gui_basics.mm */ = {isa = PBXBuildFile; fileRef = 9A71295C33ED9DAF3B0EB5A3; };
		54AA82F36B7ECFB8B4EF7C27 /* include_juce_audio_devices.mm */ = {isa = PBXBuildFile; fileRef = 712A2CEED68963B23F49E285; };
		61A641F7DD9A728FE2C77427 /* include_juce_core.mm */ = {isa = PBXBuildFile; fileRef = 1469143CFFA3752DF109F30E; };
		65AC0DC6C66A5A956BFBFC33 /* include_juce_audio_processors.mm */ = {isa = PBXBuildFile; fileRef = E587796B49758DE71448DC9B; };
		698D2102FF7A8029ABF0BBD6 /* AudioToolbox.framework */ = {isa = PBXBuildFile; fileRef = E425A0AA5E2A0E1654FE316D; };
		727839E6630FB2F35BB698FB /* Security.framework */ = {isa = PBXBuildFile; fileRef = B06EB59555E0C55F432AD5E4; };
		7E2C1BDE848FAB92B544A8FC /* include_juce_audio_processors_headless_ara.cpp */ = {isa = PBXBuildFile; fileRef = 40CCF64693236BE2C6DDBC88; };
		8FCDABF88F7B06C8F6C1EEEB /* DiscRecording.framework */ = {isa = PBXBuildFile; fileRef = 27C44F3551370D5CC1AF14C1; };
		9BEF676159DEC24B737986C3 /* include_juce_events.mm */ = {isa = PBXBuildFile; fileRef = 69B1B940B0C1A92FA7F9723B; };
		B7AB396032B29072A1F9D186 /* IOKit.framework */ = {isa = PBXBuildFile; fileRef = 8D80B06B96A723FFD1D87AD1; };
		B7CF9E28BE205C2EC6F056B7 /* include_juce_audio_formats.mm */ = {isa = PBXBuildFile; fileRef = 2F737A7413AD98A1872E920D; };
		B942D6E9513D706CF815AC21 /* CoreAudioKit.framework */ = {isa = PBXBuildFile; fileRef = 73489458857FC3E13548730E; };
		BB7546102F3E7C89D08FB0DC /* include_juce_opengl.mm */ = {isa = PBXBuildFile; fileRef = 18FB3A7F6EFD1220480E18D6; };
		BF8A4F8E3DD22999F13C7E1F /* include_juce_audio_utils.mm */ = {isa = PBXBuildFile; fileRef = B7E162DA0462C9044CCFBD24; };
		C703F7FEC3F59342453FE2F0 /* App */ = {isa = PBXBuildFile; fileRef = 8883DED056FA85AFFE35DD9D; };
		CA974E95E696F758B134C114 /* include_juce_gui_extra.mm */ = {isa = PBXBuildFile; fileRef = 2420BD31A20A3FD9BCE0CCE8; };
		CB56A2B7A9356D61141F3E64 /* include_juce_data_structures.mm */ = {isa = PBXBuildFile; fileRef = 498932DDF18139658AEDDA4E; };
		CFF85D34D1FD562D25356734 /* include_juce_graphics.mm */ = {isa = PBXBuildFile; fileRef = 96935431B55EB9F1402AF4DD; };
		DDF3105FA7F57BAB22295B33 /* Metal.framework */ = {isa = PBXBuildFile; fileRef = 1E7CE1B61AA80CD549B1834B; settings = { ATTRIBUTES = (Weak, ); }; };
		DF07F1470FEA78D846CB838E /* Foundation.framework */ = {isa = PBXBuildFile; fileRef = 0B91A15AF50BBD090B8940E5; };
		E0200EDEACD70EB7CED3688E /* FaustAudioApplication.cpp */ = {isa = PBXBuildFile; fileRef = 5645B6CE7684760C82164A42; };
		E128425EC949CAC8957C5100 /* CoreAudio.framework */ = {isa = PBXBuildFile; fileRef = 2850C87E58CC1B6871166529; };
		E598CCACF2BC96DB6794E2CE /* MetalKit.framework */ = {isa = PBXBuildFile; fileRef = 4D8A8D5A36B78BF5336DA61B; settings = { ATTRIBUTES = (Weak, ); }; };
		E7931301D15B1B0F74F8E066 /* include_juce_audio_basics.mm */ = {isa = PBXBuildFile; fileRef = F814A1748A3FD7B561B90426; };
		EE37A65F543D1BEBFD33DCE4 /* include_juce_audio_processors_headless.mm */ = {isa = PBXBuildFile; fileRef = 2539ED1DA6E75F1C340A09CF; };
		F1E75EE7E4F8134651B8A263 /* OpenGL.framework */ = {isa = PBXBuildFile; fileRef = 49920D5FB604AAA4D56A70DB; };
		F33C45512971F374E6E18510 /* Accelerate.framework */ = {isa = PBXBuildFile; fileRef = DCB57F47788C2AEAA5A4611B; };
		F93C715B87A0A57D7DF7784D /* QuartzCore.framework */ = {isa = PBXBuildFile; fileRef = 59B88270E2684EEB9D474A77; };
/* End PBXBuildFile section */

/* Begin PBXFileReference section */
		04357AB56E62216658BF9AE5 /* include_juce_core_CompilationTime.cpp */ /* include_juce_core_CompilationTime.cpp */ = {isa = PBXFileReference; lastKnownFileType = sourcecode.cpp.cpp; name = include_juce_core_CompilationTime.cpp; path = ../../JuceLibraryCode/include_juce_core_CompilationTime.cpp; sourceTree = SOURCE_ROOT; };
		0B91A15AF50BBD090B8940E5 /* Foundation.framework */ /* Foundation.framework */ = {isa = PBXFileReference; lastKnownFileType = wrapper.framework; name = Foundation.framework; path = System/Library/Frameworks/Foundation.framework; sourceTree = SDKROOT; };
		1469143CFFA3752DF109F30E /* include_juce_core.mm */ /* include_juce_core.mm */ = {isa = PBXFileReference; lastKnownFileType = sourcecode.cpp.objcpp; name = include_juce_core.mm; path = ../../JuceLibraryCode/include_juce_core.mm; sourceTree = SOURCE_ROOT; };
		18FB3A7F6EFD1220480E18D6 /* include_juce_opengl.mm */ /* include_juce_opengl.mm */ = {isa = PBXFileReference; lastKnownFileType = sourcecode.cpp.objcpp; name = include_juce_opengl.mm; path = ../../JuceLibraryCode/include_juce_opengl.mm; sourceTree = SOURCE_ROOT; };
		1E7CE1B61AA80CD549B1834B /* Metal.framework */ /* Metal.framework */ = {isa = PBXFileReference; lastKnownFileType = wrapper.framework; name = Metal.framework; path = System/Library/Frameworks/Metal.framework; sourceTree = SDKROOT; };
		225B3897C32538EDBF715FF9 /* juce_audio_formats */ /* juce_audio_formats */ = {isa = PBXFileReference; lastKnownFileType = folder; name = juce_audio_formats; path = ../../../modules/juce_audio_formats; sourceTree = SOURCE_ROOT; };
		2420BD31A20A3FD9BCE0CCE8 /* include_juce_gui_extra.mm */ /* include_juce_gui_extra.mm */ = {isa = PBXFileReference; lastKnownFileType = sourcecode.cpp.objcpp; name = include_juce_gui_extra.mm; path = ../../JuceLibraryCode/include_juce_gui_extra.mm; sourceTree = SOURCE_ROOT; };
		2539ED1DA6E75F1C340A09CF /* include_juce_audio_processors_headless.mm */ /* include_juce_audio_processors_headless.mm */ = {isa = PBXFileReference; lastKnownFileType = sourcecode.cpp.objcpp; name = include_juce_audio_processors_headless.mm; path = ../../JuceLibraryCode/include_juce_audio_processors_headless.mm; sourceTree = SOURCE_ROOT; };
		27C44F3551370D5CC1AF14C1 /* DiscRecording.framework */ /* DiscRecording.framework */ = {isa = PBXFileReference; lastKnownFileType = wrapper.framework; name = DiscRecording.framework; path = System/Library/Frameworks/DiscRecording.framework; sourceTree = SDKROOT; };
		2850C87E58CC1B6871166529 /* CoreAudio.framework */ /* CoreAudio.framework */ = {isa = PBXFileReference; lastKnownFileType = wrapper.framework; name = CoreAudio.framework; path = System/Library/Frameworks/CoreAudio.framework; sourceTree = SDKROOT; };
		2A03D796551FA7210FCC2ABD /* juce_graphics */ /* juce_graphics */ = {isa = PBXFileReference; lastKnownFileType = folder; name = juce_graphics; path = ../../../modules/juce_graphics; sourceTree = SOURCE_ROOT; };
		2F737A7413AD98A1872E920D /* include_juce_audio_formats.mm */ /* include_juce_audio_formats.mm */ = {isa = PBXFileReference; lastKnownFileType = sourcecode.cpp.objcpp; name = include_juce_audio_formats.mm; path = ../../JuceLibraryCode/include_juce_audio_formats.mm; sourceTree = SOURCE_ROOT; };
		32FF4B505F3DEB0C974D1B8B /* juce_gui_basics */ /* juce_gui_basics */ = {isa = PBXFileReference; lastKnownFileType = folder; name = juce_gui_basics; path = ../../../modules/juce_gui_basics; sourceTree = SOURCE_ROOT; };
		3D536E29A0CEDA0BF3060042 /* juce_audio_basics */ /* juce_audio_basics */ = {isa = PBXFileReference; lastKnownFileType = folder; name = juce_audio_basics; path = ../../../modules/juce_audio_basics; sourceTree = SOURCE_ROOT; };
		40CCF64693236BE2C6DDBC88 /* include_juce_audio_processors_headless_ara.cpp */ /* include_juce_audio_processors_headless_ara.cpp */ = {isa = PBXFileReference; lastKnownFileType = sourcecode.cpp.cpp; name = include_juce_audio_processors_headless_ara.cpp; path = ../../JuceLibraryCode/include_juce_audio_processors_headless_ara.cpp; sourceTree = SOURCE_ROOT; };
		45492342BDFD6DE79DB666D5 /* include_juce_graphics_Harfbuzz.cpp */ /* include_juce_graphics_Harfbuzz.cpp */ = {isa = PBXFileReference; lastKnownFileType = sourcecode.cpp.cpp; name = include_juce_graphics_Harfbuzz.cpp; path = ../../JuceLibraryCode/include_juce_graphics_Harfbuzz.cpp; sourceTree = SOURCE_ROOT; };
		498932DDF18139658AEDDA4E /* include_juce_data_structures.mm */ /* include_juce_data_structures.mm */ = {isa = PBXFileReference; lastKnownFileType = sourcecode.cpp.objcpp; name = include_juce_data_structures.mm; path = ../../JuceLibraryCode/include_juce_data_structures.mm; sourceTree = SOURCE_ROOT; };
		49920D5FB604AAA4D56A70DB /* OpenGL.framework */ /* OpenGL.framework */ = {isa = PBXFileReference; lastKnownFileType = wrapper.framework; name = OpenGL.framework; path = System/Library/Frameworks/OpenGL.framework; sourceTree = SDKROOT; };
		4C363CDE6F28B27143F26EAC /* WebKit.framework */ /* WebKit.framework */ = {isa = PBXFileReference; lastKnownFileType = wrapper.framework; name = WebKit.framework; path = System/Library/Frameworks/WebKit.framework; sourceTree = SDKROOT; };
		4D8A8D5A36B78BF5336DA61B /* MetalKit.framework */ /* MetalKit.framework */ = {isa = PBXFileReference; lastKnownFileType = wrapper.framework; name = MetalKit.framework; path = System/Library/Frameworks/MetalKit.framework; sourceTree = SDKROOT; };
		5197F6B0C037F4DB6492954D /* juce_data_structures */ /* juce_data_structures */ = {isa = PBXFileReference; lastKnownFileType = folder; name = juce_data_structures; path = ../../../modules/juce_data_structures; sourceTree = SOURCE_ROOT; };
		5645B6CE7684760C82164A42 /* FaustAudioApplication.cpp */ /* FaustAudioApplication.cpp */ = {isa = PBXFileReference; lastKnownFileType = sourcecode.cpp.cpp; name = FaustAudioApplication.cpp; path = ../../FaustAudioApplication.cpp; sourceTree = SOURCE_ROOT; };
		59B88270E2684EEB9D474A77 /* QuartzCore.framework */ /* QuartzCore.framework */ = {isa = PBXFileReference; lastKnownFileType = wrapper.framework; name = QuartzCore.framework; path = System/Library/Frameworks/QuartzCore.framework; sourceTree = SDKROOT; };
		69B1B940B0C1A92FA7F9723B /* include_juce_events.mm */ /* include_juce_events.mm */ = {isa = PBXFileReference; lastKnownFileType = sourcecode.cpp.objcpp; name = include_juce_events.mm; path = ../../JuceLibraryCode/include_juce_events.mm; sourceTree = SOURCE_ROOT; };
		6C39867DE27C56EEFD9B7B5E /* AppConfig.h */ /* AppConfig.h */ = {isa = PBXFileReference; lastKnownFileType = sourcecode.c.h; name = AppConfig.h; path = ../../JuceLibraryCode/AppConfig.h; sourceTree = SOURCE_ROOT; };
		712A2CEED68963B23F49E285 /* include_juce_audio_devices.mm */ /* include_juce_audio_devices.mm */ = {isa = PBXFileReference; lastKnownFileType = sourcecode.cpp.objcpp; name = include_juce_audio_devices.mm; path = ../../JuceLibraryCode/include_juce_audio_devices.mm; sourceTree = SOURCE_ROOT; };
		71B01E5C14270AFCF2D23AAE /* RecentFilesMenuTemplate.nib */ /* RecentFilesMenuTemplate.nib */ = {isa = PBXFileReference; lastKnownFileType = file.nib; name = RecentFilesMenuTemplate.nib; path = RecentFilesMenuTemplate.nib; sourceTree = SOURCE_ROOT; };
		73489458857FC3E13548730E /* CoreAudioKit.framework */ /* CoreAudioKit.framework */ = {isa = PBXFileReference; lastKnownFileType = wrapper.framework; name = CoreAudioKit.framework; path = System/Library/Frameworks/CoreAudioKit.framework; sourceTree = SDKROOT; };
		7BDA8ECBCFA4C1FAFB8D7DB0 /* juce_audio_processors */ /* juce_audio_processors */ = {isa = PBXFileReference; lastKnownFileType = folder; name = juce_audio_processors; path = ../../../modules/juce_audio_processors; sourceTree = SOURCE_ROOT; };
		8144155F470EB03FABC5D927 /* juce_opengl */ /* juce_opengl */ = {isa = PBXFileReference; lastKnownFileType = folder; name = juce_opengl; path = ../../../modules/juce_opengl; sourceTree = SOURCE_ROOT; };
		82BF69AAEC6FC981A7320403 /* juce_osc */ /* juce_osc */ = {isa = PBXFileReference; lastKnownFileType = folder; name = juce_osc; path = ../../../modules/juce_osc; sourceTree = SOURCE_ROOT; };
		8883DED056FA85AFFE35DD9D /* App */ = {isa = PBXFileReference; explicitFileType = wrapper.application; includeInIndex = 0; path = schoff_FM.app; sourceTree = BUILT_PRODUCTS_DIR; };
		8D80B06B96A723FFD1D87AD1 /* IOKit.framework */ /* IOKit.framework */ = {isa = PBXFileReference; lastKnownFileType = wrapper.framework; name = IOKit.framework; path = System/Library/Frameworks/IOKit.framework; sourceTree = SDKROOT; };
		94B5CD382F87F11FEB163E16 /* juce_audio_devices */ /* juce_audio_devices */ = {isa = PBXFileReference; lastKnownFileType = folder; name = juce_audio_devices; path = ../../../modules/juce_audio_devices; sourceTree = SOURCE_ROOT; };
		966953170BA1D47A9CC985E0 /* JuceHeader.h */ /* JuceHeader.h */ = {isa = PBXFileReference; lastKnownFileType = sourcecode.c.h; name = JuceHeader.h; path = ../../JuceLibraryCode/JuceHeader.h; sourceTree = SOURCE_ROOT; };
		96935431B55EB9F1402AF4DD /* include_juce_graphics.mm */ /* include_juce_graphics.mm */ = {isa = PBXFileReference; lastKnownFileType = sourcecode.cpp.objcpp; name = include_juce_graphics.mm; path = ../../JuceLibraryCode/include_juce_graphics.mm; sourceTree = SOURCE_ROOT; };
		9A1252C63F6B185B4C735350 /* Info-App.plist */ /* Info-App.plist */ = {isa = PBXFileReference; lastKnownFileType = text.plist.xml; name = "Info-App.plist"; path = "Info-App.plist"; sourceTree = SOURCE_ROOT; };
		9A71295C33ED9DAF3B0EB5A3 /* include_juce_gui_basics.mm */ /* include_juce_gui_basics.mm */ = {isa = PBXFileReference; lastKnownFileType = sourcecode.cpp.objcpp; name = include_juce_gui_basics.mm; path = ../../JuceLibraryCode/include_juce_gui_basics.mm; sourceTree = SOURCE_ROOT; };
		9EB7399EF2605BECE3C7AC3E /* juce_audio_utils */ /* juce_audio_utils */ = {isa = PBXFileReference; lastKnownFileType = folder; name = juce_audio_utils; path = ../../../modules/juce_audio_utils; sourceTree = SOURCE_ROOT; };
		B06EB59555E0C55F432AD5E4 /* Security.framework */ /* Security.framework */ = {isa = PBXFileReference; lastKnownFileType = wrapper.framework; name = Security.framework; path = System/Library/Frameworks/Security.framework; sourceTree = SDKROOT; };
		B1D6ADE12D83A8E57134AC91 /* include_juce_graphics_Sheenbidi.c */ /* include_juce_graphics_Sheenbidi.c */ = {isa = PBXFileReference; lastKnownFileType = sourcecode.c.c; name = include_juce_graphics_Sheenbidi.c; path = ../../JuceLibraryCode/include_juce_graphics_Sheenbidi.c; sourceTree = SOURCE_ROOT; };
		B7E162DA0462C9044CCFBD24 /* include_juce_audio_utils.mm */ /* include_juce_audio_utils.mm */ = {isa = PBXFileReference; lastKnownFileType = sourcecode.cpp.objcpp; name = include_juce_audio_utils.mm; path = ../../JuceLibraryCode/include_juce_audio_utils.mm; sourceTree = SOURCE_ROOT; };
		BA2C216A9C8875979047C3B5 /* juce_gui_extra */ /* juce_gui_extra */ = {isa = PBXFileReference; lastKnownFileType = folder; name = juce_gui_extra; path = ../../../modules/juce_gui_extra; sourceTree = SOURCE_ROOT; };
		C8517A6A2C9FEEE168ED038E /* Cocoa.framework */ /* Cocoa.framework */ = {isa = PBXFileReference; lastKnownFileType = wrapper.framework; name = Cocoa.framework; path = System/Library/Frameworks/Cocoa.framework; sourceTree = SDKROOT; };
		D059C2BACAFC298F37ADA521 /* juce_audio_processors_headless */ /* juce_audio_processors_headless */ = {isa = PBXFileReference; lastKnownFileType = folder; name = juce_audio_processors_headless; path = ../../../JUCE/modules/juce_audio_processors_headless; sourceTree = SOURCE_ROOT; };
		D19C4D0BF46026317722C099 /* juce_events */ /* juce_events */ = {isa = PBXFileReference; lastKnownFileType = folder; name = juce_events; path = ../../../modules/juce_events; sourceTree = SOURCE_ROOT; };
		DCB57F47788C2AEAA5A4611B /* Accelerate.framework */ /* Accelerate.framework */ = {isa = PBXFileReference; lastKnownFileType = wrapper.framework; name = Accelerate.framework; path = System/Library/Frameworks/Accelerate.framework; sourceTree = SDKROOT; };
		E425A0AA5E2A0E1654FE316D /* AudioToolbox.framework */ /* AudioToolbox.framework */ = {isa = PBXFileReference; lastKnownFileType = wrapper.framework; name = AudioToolbox.framework; path = System/Library/Frameworks/AudioToolbox.framework; sourceTree = SDKROOT; };
		E587796B49758DE71448DC9B /* include_juce_audio_processors.mm */ /* include_juce_audio_processors.mm */ = {isa = PBXFileReference; lastKnownFileType = sourcecode.cpp.objcpp; name = include_juce_audio_processors.mm; path = ../../JuceLibraryCode/include_juce_audio_processors.mm; sourceTree = SOURCE_ROOT; };
		F184787DB2E1F06C66FA279F /* include_juce_osc.cpp */ /* include_juce_osc.cpp */ = {isa = PBXFileReference; lastKnownFileType = sourcecode.cpp.cpp; name = include_juce_osc.cpp; path = ../../JuceLibraryCode/include_juce_osc.cpp; sourceTree = SOURCE_ROOT; };
		F2AB5914EA0681F654DB9C0C /* CoreMIDI.framework */ /* CoreMIDI.framework */ = {isa = PBXFileReference; lastKnownFileType = wrapper.framework; name = CoreMIDI.framework; path = System/Library/Frameworks/CoreMIDI.framework; sourceTree = SDKROOT; };
		F40DE2ABAA4B76918BAD275C /* juce_core */ /* juce_core */ = {isa = PBXFileReference; lastKnownFileType = folder; name = juce_core; path = ../../../modules/juce_core; sourceTree = SOURCE_ROOT; };
		F814A1748A3FD7B561B90426 /* include_juce_audio_basics.mm */ /* include_juce_audio_basics.mm */ = {isa = PBXFileReference; lastKnownFileType = sourcecode.cpp.objcpp; name = include_juce_audio_basics.mm; path = ../../JuceLibraryCode/include_juce_audio_basics.mm; sourceTree = SOURCE_ROOT; };
		F92A660FEC4E26ABD57D96AA /* include_juce_audio_processors_headless_lv2_libs.cpp */ /* include_juce_audio_processors_headless_lv2_libs.cpp */ = {isa = PBXFileReference; lastKnownFileType = sourcecode.cpp.cpp; name = include_juce_audio_processors_headless_lv2_libs.cpp; path = ../../JuceLibraryCode/include_juce_audio_processors_headless_lv2_libs.cpp; sourceTree = SOURCE_ROOT; };
/* End PBXFileReference section */

/* Begin PBXFrameworksBuildPhase section */
		205EDEE5805EE70413EA02EC = {
			isa = PBXFrameworksBuildPhase;
			buildActionMask = 2147483647;
			files = (
				F33C45512971F374E6E18510,
				698D2102FF7A8029ABF0BBD6,
				4DD0C018B90FBA031567B5A4,
				E128425EC949CAC8957C5100,
				B942D6E9513D706CF815AC21,
				4B334B7D37FB91B696D6E5F9,
				8FCDABF88F7B06C8F6C1EEEB,
				DF07F1470FEA78D846CB838E,
				B7AB396032B29072A1F9D186,
				F1E75EE7E4F8134651B8A263,
				F93C715B87A0A57D7DF7784D,
				727839E6630FB2F35BB698FB,
				10D834DBC2D863AA062C30A3,
				DDF3105FA7F57BAB22295B33,
				E598CCACF2BC96DB6794E2CE,
			);
			runOnlyForDeploymentPostprocessing = 0;
		};
/* End PBXFrameworksBuildPhase section */

/* Begin PBXGroup section */
		0F657FD6D2A4EFD039596D36 /* Resources */ = {
			isa = PBXGroup;
			children = (
				9A1252C63F6B185B4C735350,
				71B01E5C14270AFCF2D23AAE,
			);
			name = Resources;
			sourceTree = "<group>";
		};
		1E82AE7B91741DB50E01588F /* JUCE Modules */ = {
			isa = PBXGroup;
			children = (
				3D536E29A0CEDA0BF3060042,
				94B5CD382F87F11FEB163E16,
				225B3897C32538EDBF715FF9,
				7BDA8ECBCFA4C1FAFB8D7DB0,
				D059C2BACAFC298F37ADA521,
				9EB7399EF2605BECE3C7AC3E,
				F40DE2ABAA4B76918BAD275C,
				5197F6B0C037F4DB6492954D,
				D19C4D0BF46026317722C099,
				2A03D796551FA7210FCC2ABD,
				32FF4B505F3DEB0C974D1B8B,
				BA2C216A9C8875979047C3B5,
				8144155F470EB03FABC5D927,
				82BF69AAEC6FC981A7320403,
			);
			name = "JUCE Modules";
			sourceTree = "<group>";
		};
		4ED391473E3F6EEF75608A75 /* Frameworks */ = {
			isa = PBXGroup;
			children = (
				DCB57F47788C2AEAA5A4611B,
				E425A0AA5E2A0E1654FE316D,
				C8517A6A2C9FEEE168ED038E,
				2850C87E58CC1B6871166529,
				73489458857FC3E13548730E,
				F2AB5914EA0681F654DB9C0C,
				27C44F3551370D5CC1AF14C1,
				0B91A15AF50BBD090B8940E5,
				8D80B06B96A723FFD1D87AD1,
				49920D5FB604AAA4D56A70DB,
				59B88270E2684EEB9D474A77,
				B06EB59555E0C55F432AD5E4,
				4C363CDE6F28B27143F26EAC,
				1E7CE1B61AA80CD549B1834B,
				4D8A8D5A36B78BF5336DA61B,
			);
			name = Frameworks;
			sourceTree = "<group>";
		};
		697BBFFB231304C17DBED882 /* schoff_FM */ = {
			isa = PBXGroup;
			children = (
				FFFB58E1DBCDBCF8C8BB774F,
			);
			name = schoff_FM;
			sourceTree = "<group>";
		};
		9E13B7B38307AE11AF58B03F /* JUCE Library Code */ = {
			isa = PBXGroup;
			children = (
				6C39867DE27C56EEFD9B7B5E,
				F814A1748A3FD7B561B90426,
				712A2CEED68963B23F49E285,
				2F737A7413AD98A1872E920D,
				E587796B49758DE71448DC9B,
				2539ED1DA6E75F1C340A09CF,
				40CCF64693236BE2C6DDBC88,
				F92A660FEC4E26ABD57D96AA,
				B7E162DA0462C9044CCFBD24,
				1469143CFFA3752DF109F30E,
				04357AB56E62216658BF9AE5,
				498932DDF18139658AEDDA4E,
				69B1B940B0C1A92FA7F9723B,
				96935431B55EB9F1402AF4DD,
				45492342BDFD6DE79DB666D5,
				B1D6ADE12D83A8E57134AC91,
				9A71295C33ED9DAF3B0EB5A3,
				2420BD31A20A3FD9BCE0CCE8,
				18FB3A7F6EFD1220480E18D6,
				F184787DB2E1F06C66FA279F,
				966953170BA1D47A9CC985E0,
			);
			name = "JUCE Library Code";
			sourceTree = "<group>";
		};
		D8EBB2B81451834D05224A74 /* Products */ = {
			isa = PBXGroup;
			children = (
				8883DED056FA85AFFE35DD9D,
			);
			name = Products;
			sourceTree = "<group>";
		};
		EC782649B195BBA0A98EB0D5 /* Source */ = {
			isa = PBXGroup;
			children = (
				697BBFFB231304C17DBED882,
				1E82AE7B91741DB50E01588F,
				9E13B7B38307AE11AF58B03F,
				0F657FD6D2A4EFD039596D36,
				4ED391473E3F6EEF75608A75,
				D8EBB2B81451834D05224A74,
			);
			name = Source;
			sourceTree = "<group>";
		};
		FFFB58E1DBCDBCF8C8BB774F /* Source */ = {
			isa = PBXGroup;
			children = (
				5645B6CE7684760C82164A42,
			);
			name = Source;
			sourceTree = "<group>";
		};
/* End PBXGroup section */

/* Begin PBXNativeTarget section */
		341813957843246197F1C3EA /* schoff_FM - App */ = {
			isa = PBXNativeTarget;
			buildConfigurationList = 853A03E313E1FD807CD64B51;
			buildPhases = (
				237BA0434CA79663FFEBB6BC,
				6BFFF1A1CA7E597E688D4FE3,
				205EDEE5805EE70413EA02EC,
			);
			buildRules = (
			);
			dependencies = (
			);
			name = "schoff_FM - App";
			productName = schoff_FM;
			productReference = 8883DED056FA85AFFE35DD9D;
			productType = "com.apple.product-type.application";
		};
/* End PBXNativeTarget section */

/* Begin PBXProject section */
		C9BBFFE2680C184117D8314D = {
			isa = PBXProject;
			attributes = {
				BuildIndependentTargetsInParallel = YES;
				LastUpgradeCheck = 1340;
				ORGANIZATIONNAME = "Grame";
				TargetAttributes = {
					341813957843246197F1C3EA = {
						SystemCapabilities = {
							com.apple.ApplicationGroups.iOS = {
								enabled = 0;
							};
							com.apple.HardenedRuntime = {
								enabled = 0;
							};
							com.apple.InAppPurchase = {
								enabled = 0;
							};
							com.apple.InterAppAudio = {
								enabled = 0;
							};
							com.apple.Push = {
								enabled = 0;
							};
							com.apple.Sandbox = {
								enabled = 0;
							};
						};
					};
				};
			};
			buildConfigurationList = D3344E5B60B37BB0EE38E0CD;
			compatibilityVersion = "Xcode 3.2";
			hasScannedForEncodings = 0;
			knownRegions = (
				en,
				Base,
			);
			mainGroup = EC782649B195BBA0A98EB0D5;
			projectDirPath = "";
			projectRoot = "";
			targets = (
				341813957843246197F1C3EA,
			);
		};
/* End PBXProject section */

/* Begin PBXResourcesBuildPhase section */
		237BA0434CA79663FFEBB6BC = {
			isa = PBXResourcesBuildPhase;
			buildActionMask = 2147483647;
			files = (
				35B4FED7FDDDEF3F8E810458,
			);
			runOnlyForDeploymentPostprocessing = 0;
		};
/* End PBXResourcesBuildPhase section */

/* Begin PBXSourcesBuildPhase section */
		6BFFF1A1CA7E597E688D4FE3 = {
			isa = PBXSourcesBuildPhase;
			buildActionMask = 2147483647;
			files = (
				E0200EDEACD70EB7CED3688E,
				E7931301D15B1B0F74F8E066,
				54AA82F36B7ECFB8B4EF7C27,
				B7CF9E28BE205C2EC6F056B7,
				65AC0DC6C66A5A956BFBFC33,
				EE37A65F543D1BEBFD33DCE4,
				7E2C1BDE848FAB92B544A8FC,
				518600AA346D477EF89FEEA8,
				BF8A4F8E3DD22999F13C7E1F,
				61A641F7DD9A728FE2C77427,
				098EA3663E3B7D29BA4BA870,
				CB56A2B7A9356D61141F3E64,
				9BEF676159DEC24B737986C3,
				CFF85D34D1FD562D25356734,
				20FCCD36991D915B57816A4B,
				40AA2A5B6E56A5F61A5E6383,
				54484B002CD41128CF537983,
				CA974E95E696F758B134C114,
				BB7546102F3E7C89D08FB0DC,
				49FD71F2F79D44DEAD64C9B5,
			);
			runOnlyForDeploymentPostprocessing = 0;
		};
/* End PBXSourcesBuildPhase section */

/* Begin XCBuildConfiguration section */
		0D0727A6E685C2134CCF0968 /* Debug */ = {
			isa = XCBuildConfiguration;
			buildSettings = {
				ALWAYS_SEARCH_USER_PATHS = NO;
				CLANG_ENABLE_OBJC_WEAK = YES;
				CLANG_WARN_BLOCK_CAPTURE_AUTORELEASING = YES;
				CLANG_WARN_BOOL_CONVERSION = YES;
				CLANG_WARN_COMMA = YES;
				CLANG_WARN_CONSTANT_CONVERSION = YES;
				CLANG_WARN_DEPRECATED_OBJC_IMPLEMENTATIONS = YES;
				CLANG_WARN_EMPTY_BODY = YES;
				CLANG_WARN_ENUM_CONVERSION = YES;
				CLANG_WARN_INFINITE_RECURSION = YES;
				CLANG_WARN_INT_CONVERSION = YES;
				CLANG_WARN_NON_LITERAL_NULL_CONVERSION = YES;
				CLANG_WARN_OBJC_IMPLICIT_RETAIN_SELF = YES;
				CLANG_WARN_OBJC_LITERAL_CONVERSION = YES;
				CLANG_WARN_RANGE_LOOP_ANALYSIS = YES;
				CLANG_WARN_STRICT_PROTOTYPES = YES;
				CLANG_WARN_SUSPICIOUS_MOVE = YES;
				CLANG_WARN_UNREACHABLE_CODE = YES;
				CLANG_WARN__DUPLICATE_METHOD_MATCH = YES;
				DEBUG_INFORMATION_FORMAT = dwarf;
				ENABLE_STRICT_OBJC_MSGSEND = YES;
				ENABLE_TESTABILITY = NO;
				GCC_C_LANGUAGE_STANDARD = c11;
				GCC_INLINES_ARE_PRIVATE_EXTERN = YES;
				GCC_MODEL_TUNING = G5;
				GCC_NO_COMMON_BLOCKS = YES;
				GCC_SYMBOLS_PRIVATE_EXTERN = YES;
				GCC_WARN_64_TO_32_BIT_CONVERSION = YES;
				GCC_WARN_ABOUT_RETURN_TYPE = YES;
				GCC_WARN_CHECK_SWITCH_STATEMENTS = YES;
				GCC_WARN_MISSING_PARENTHESES = YES;
				GCC_WARN_NON_VIRTUAL_DESTRUCTOR = YES;
				GCC_WARN_TYPECHECK_CALLS_TO_PRINTF = YES;
				GCC_WARN_UNDECLARED_SELECTOR = YES;
				GCC_WARN_UNINITIALIZED_AUTOS = YES;
				GCC_WARN_UNUSED_FUNCTION = YES;
				GCC_WARN_UNUSED_VARIABLE = YES;
				ONLY_ACTIVE_ARCH = YES;
				OTHER_CODE_SIGN_FLAGS = --timestamp;
				PRODUCT_NAME = "schoff_FM";
				SDKROOT = macosx;
				WARNING_CFLAGS = "-Wreorder";
				ZERO_LINK = NO;
			};
			name = Debug;
		};
		96692021182C6144A305BC50 /* Debug */ = {
			isa = XCBuildConfiguration;
			buildSettings = {
				CLANG_CXX_LANGUAGE_STANDARD = "c++17";
				CLANG_CXX_LIBRARY = "libc++";
				CLANG_LINK_OBJC_RUNTIME = NO;
				COMBINE_HIDPI_IMAGES = YES;
				CONFIGURATION_BUILD_DIR = "$(PROJECT_DIR)/build/$(CONFIGURATION)";
				COPY_PHASE_STRIP = NO;
				EXCLUDED_ARCHS = "";
				GCC_DYNAMIC_NO_PIC = NO;
				GCC_OPTIMIZATION_LEVEL = 0;
				GCC_PREPROCESSOR_DEFINITIONS = (
					"_DEBUG=1",
					"DEBUG=1",
					"MIDICTRL",
					"JUCER_XCODE_MAC_F6D2F4CF=1",
					"JUCE_APP_VERSION=1.0.0",
					"JUCE_APP_VERSION_HEX=0x10000",
					"JucePlugin_Build_VST=0",
					"JucePlugin_Build_VST3=0",
					"JucePlugin_Build_AU=0",
					"JucePlugin_Build_AUv3=0",
					"JucePlugin_Build_AAX=0",
					"JucePlugin_Build_Standalone=0",
					"JucePlugin_Build_Unity=0",
					"JucePlugin_Build_LV2=0",
				);
				GCC_VERSION = com.apple.compilers.llvm.clang.1_0;
				HEADER_SEARCH_PATHS = (
					"$(SRCROOT)/../../JuceLibraryCode",
					"$(SRCROOT)/../../../modules",
					"$(SRCROOT)/../../../JUCE/modules",
					"$(inherited)",
				);
				INFOPLIST_FILE = Info-App.plist;
				INFOPLIST_PREPROCESS = NO;
				INSTALL_PATH = "$(HOME)/Applications";
				MACOSX_DEPLOYMENT_TARGET = 10.13;
				MTL_HEADER_SEARCH_PATHS = "$(SRCROOT)/../../JuceLibraryCode $(SRCROOT)/../../../modules $(SRCROOT)/../../../JUCE/modules";
				OTHER_CFLAGS = "-I /usr/local/include/ -I /opt/local/include -DNVOICES=16";
				OTHER_CPLUSPLUSFLAGS = "-I /usr/local/include/ -I /opt/local/include -DNVOICES=16";
				OTHER_LDFLAGS = "-L /opt/local/lib";
				PRODUCT_BUNDLE_IDENTIFIER = com.grame.schoff_FM;
				PRODUCT_NAME = "schoff_FM";
				USE_HEADERMAP = NO;
				VALIDATE_WORKSPACE_SKIPPED_SDK_FRAMEWORKS = OpenGL;
				VALID_ARCHS = "i386 x86_64 arm64 arm64e";
			};
			name = Debug;
		};
		9A1661B1FBEB00343AF4B542 /* Release */ = {
			isa = XCBuildConfiguration;
			buildSettings = {
				ALWAYS_SEARCH_USER_PATHS = NO;
				CLANG_ENABLE_OBJC_WEAK = YES;
				CLANG_WARN_BLOCK_CAPTURE_AUTORELEASING = YES;
				CLANG_WARN_BOOL_CONVERSION = YES;
				CLANG_WARN_COMMA = YES;
				CLANG_WARN_CONSTANT_CONVERSION = YES;
				CLANG_WARN_DEPRECATED_OBJC_IMPLEMENTATIONS = YES;
				CLANG_WARN_EMPTY_BODY = YES;
				CLANG_WARN_ENUM_CONVERSION = YES;
				CLANG_WARN_INFINITE_RECURSION = YES;
				CLANG_WARN_INT_CONVERSION = YES;
				CLANG_WARN_NON_LITERAL_NULL_CONVERSION = YES;
				CLANG_WARN_OBJC_IMPLICIT_RETAIN_SELF = YES;
				CLANG_WARN_OBJC_LITERAL_CONVERSION = YES;
				CLANG_WARN_RANGE_LOOP_ANALYSIS = YES;
				CLANG_WARN_STRICT_PROTOTYPES = YES;
				CLANG_WARN_SUSPICIOUS_MOVE = YES;
				CLANG_WARN_UNREACHABLE_CODE = YES;
				CLANG_WARN__DUPLICATE_METHOD_MATCH = YES;
				DEBUG_INFORMATION_FORMAT = dwarf;
				ENABLE_STRICT_OBJC_MSGSEND = YES;
				ENABLE_TESTABILITY = NO;
				GCC_C_LANGUAGE_STANDARD = c11;
				GCC_INLINES_ARE_PRIVATE_EXTERN = YES;
				GCC_MODEL_TUNING = G5;
				GCC_NO_COMMON_BLOCKS = YES;
				GCC_SYMBOLS_PRIVATE_EXTERN = YES;
				GCC_WARN_64_TO_32_BIT_CONVERSION = YES;
				GCC_WARN_ABOUT_RETURN_TYPE = YES;
				GCC_WARN_CHECK_SWITCH_STATEMENTS = YES;
				GCC_WARN_MISSING_PARENTHESES = YES;
				GCC_WARN_NON_VIRTUAL_DESTRUCTOR = YES;
				GCC_WARN_TYPECHECK_CALLS_TO_PRINTF = YES;
				GCC_WARN_UNDECLARED_SELECTOR = YES;
				GCC_WARN_UNINITIALIZED_AUTOS = YES;
				GCC_WARN_UNUSED_FUNCTION = YES;
				GCC_WARN_UNUSED_VARIABLE = YES;
				OTHER_CODE_SIGN_FLAGS = --timestamp;
				PRODUCT_NAME = "schoff_FM";
				SDKROOT = macosx;
				WARNING_CFLAGS = "-Wreorder";
				ZERO_LINK = NO;
			};
			name = Release;
		};
		A0F5D58FB1677F8E428150B8 /* Release */ = {
			isa = XCBuildConfiguration;
			buildSettings = {
				CLANG_CXX_LANGUAGE_STANDARD = "c++17";
				CLANG_CXX_LIBRARY = "libc++";
				CLANG_LINK_OBJC_RUNTIME = NO;
				COMBINE_HIDPI_IMAGES = YES;
				CONFIGURATION_BUILD_DIR = "$(PROJECT_DIR)/build/$(CONFIGURATION)";
				DEAD_CODE_STRIPPING = YES;
				EXCLUDED_ARCHS = "";
				GCC_GENERATE_DEBUGGING_SYMBOLS = NO;
				GCC_OPTIMIZATION_LEVEL = 3;
				GCC_PREPROCESSOR_DEFINITIONS = (
					"_NDEBUG=1",
					"NDEBUG=1",
					"MIDICTRL",
					"JUCER_XCODE_MAC_F6D2F4CF=1",
					"JUCE_APP_VERSION=1.0.0",
					"JUCE_APP_VERSION_HEX=0x10000",
					"JucePlugin_Build_VST=0",
					"JucePlugin_Build_VST3=0",
					"JucePlugin_Build_AU=0",
					"JucePlugin_Build_AUv3=0",
					"JucePlugin_Build_AAX=0",
					"JucePlugin_Build_Standalone=0",
					"JucePlugin_Build_Unity=0",
					"JucePlugin_Build_LV2=0",
				);
				GCC_VERSION = com.apple.compilers.llvm.clang.1_0;
				HEADER_SEARCH_PATHS = (
					"$(SRCROOT)/../../JuceLibraryCode",
					"$(SRCROOT)/../../../modules",
					"$(SRCROOT)/../../../JUCE/modules",
					"$(inherited)",
				);
				INFOPLIST_FILE = Info-App.plist;
				INFOPLIST_PREPROCESS = NO;
				INSTALL_PATH = "$(HOME)/Applications";
				LLVM_LTO = YES;
				MACOSX_DEPLOYMENT_TARGET = 10.13;
				MTL_HEADER_SEARCH_PATHS = "$(SRCROOT)/../../JuceLibraryCode $(SRCROOT)/../../../modules $(SRCROOT)/../../../JUCE/modules";
				OTHER_CFLAGS = "-I /usr/local/include/ -I /opt/local/include -DNVOICES=16";
				OTHER_CPLUSPLUSFLAGS = "-I /usr/local/include/ -I /opt/local/include -DNVOICES=16";
				OTHER_LDFLAGS = "-L /opt/local/lib";
				PRODUCT_BUNDLE_IDENTIFIER = com.grame.schoff_FM;
				PRODUCT_NAME = "schoff_FM";
				USE_HEADERMAP = NO;
				VALIDATE_WORKSPACE_SKIPPED_SDK_FRAMEWORKS = OpenGL;
				VALID_ARCHS = "i386 x86_64 arm64 arm64e";
			};
			name = Release;
		};
/* End XCBuildConfiguration section */

/* Begin XCConfigurationList section */
		853A03E313E1FD807CD64B51 = {
			isa = XCConfigurationList;
			buildConfigurations = (
				96692021182C6144A305BC50,
				A0F5D58FB1677F8E428150B8,
			);
			defaultConfigurationIsVisible = 0;
			defaultConfigurationName = Debug;
		};
		D3344E5B60B37BB0EE38E0CD = {
			isa = XCConfigurationList;
			buildConfigurations = (
				0D0727A6E685C2134CCF0968,
				9A1661B1FBEB00343AF4B542,
			);
			defaultConfigurationIsVisible = 0;
			defaultConfigurationName = Debug;
		};
/* End XCConfigurationList section */
	};
	rootObject = C9BBFFE2680C184117D8314D /* Project object */;
}
